
Microsoft Visual Studio Solution File, Format Version 12.00
# Visual Studio 14
VisualStudioVersion = 14.0.25420.1
MinimumVisualStudioVersion = 10.0.40219.1
Project("{FAE04EC0-301F-11D3-BF4B-00C04F79EFBC}") = "MVCExercise", "MVCExercise\MVCExercise.csproj", "{9C9F9855-BD5D-46B0-9A72-33D0F27725D9}"
EndProject
Project("{FAE04EC0-301F-11D3-BF4B-00C04F79EFBC}") = "MvcWeb", "MvcWeb\MvcWeb.csproj", "{F2231ED2-6878-48CD-A1D0-DEE79EC6647E}"
EndProject
Project("{FAE04EC0-301F-11D3-BF4B-00C04F79EFBC}") = "MvcRouting", "MvcRouting\MvcRouting.csproj", "{9134D9F2-4146-4415-ACF7-537D99466BBF}"
EndProject
Global
	GlobalSection(SolutionConfigurationPlatforms) = preSolution
		Debug|Any CPU = Debug|Any CPU
		Release|Any CPU = Release|Any CPU
	EndGlobalSection
	GlobalSection(ProjectConfigurationPlatforms) = postSolution
		{9C9F9855-BD5D-46B0-9A72-33D0F27725D9}.Debug|Any CPU.ActiveCfg = Debug|Any CPU
		{9C9F9855-BD5D-46B0-9A72-33D0F27725D9}.Debug|Any CPU.Build.0 = Debug|Any CPU
		{9C9F9855-BD5D-46B0-9A72-33D0F27725D9}.Release|Any CPU.ActiveCfg = Release|Any CPU
		{9C9F9855-BD5D-46B0-9A72-33D0F27725D9}.Release|Any CPU.Build.0 = Release|Any CPU
		{F2231ED2-6878-48CD-A1D0-DEE79EC6647E}.Debug|Any CPU.ActiveCfg = Debug|Any CPU
		{F2231ED2-6878-48CD-A1D0-DEE79EC6647E}.Debug|Any CPU.Build.0 = Debug|Any CPU
		{F2231ED2-6878-48CD-A1D0-DEE79EC6647E}.Release|Any CPU.ActiveCfg = Release|Any CPU
		{F2231ED2-6878-48CD-A1D0-DEE79EC6647E}.Release|Any CPU.Build.0 = Release|Any CPU
		{9134D9F2-4146-4415-ACF7-537D99466BBF}.Debug|Any CPU.ActiveCfg = Debug|Any CPU
		{9134D9F2-4146-4415-ACF7-537D99466BBF}.Debug|Any CPU.Build.0 = Debug|Any CPU
		{9134D9F2-4146-4415-ACF7-537D99466BBF}.Release|Any CPU.ActiveCfg = Release|Any CPU
		{9134D9F2-4146-4415-ACF7-537D99466BBF}.Release|Any CPU.Build.0 = Release|Any CPU
	EndGlobalSection
	GlobalSection(SolutionProperties) = preSolution
		HideSolutionNode = FALSE
	EndGlobalSection
	GlobalSection(ExtensibilityGlobals) = postSolution
		SolutionGuid = {51006094-CDD0-4D6A-A604-1FF450AF29B8}
	EndGlobalSection
EndGlobal
